
Microsoft Visual Studio Solution File, Format Version 12.00
# Visual Studio Version 17
VisualStudioVersion = 17.4.33205.214
MinimumVisualStudioVersion = 10.0.40219.1
Project("{8BC9CEB8-8B4A-11D0-8D11-00A0C91BC942}") = "IT company3", "IT company3\IT company3.vcxproj", "{F22CA5C5-11A3-4415-AD88-FF116FB0BD92}"
EndProject
Global
	GlobalSection(SolutionConfigurationPlatforms) = preSolution
		Debug|x64 = Debug|x64
		Debug|x86 = Debug|x86
		Release|x64 = Release|x64
		Release|x86 = Release|x86
	EndGlobalSection
	GlobalSection(ProjectConfigurationPlatforms) = postSolution
		{F22CA5C5-11A3-4415-AD88-FF116FB0BD92}.Debug|x64.ActiveCfg = Debug|x64
		{F22CA5C5-11A3-4415-AD88-FF116FB0BD92}.Debug|x64.Build.0 = Debug|x64
		{F22CA5C5-11A3-4415-AD88-FF116FB0BD92}.Debug|x86.ActiveCfg = Debug|Win32
		{F22CA5C5-11A3-4415-AD88-FF116FB0BD92}.Debug|x86.Build.0 = Debug|Win32
		{F22CA5C5-11A3-4415-AD88-FF116FB0BD92}.Release|x64.ActiveCfg = Release|x64
		{F22CA5C5-11A3-4415-AD88-FF116FB0BD92}.Release|x64.Build.0 = Release|x64
		{F22CA5C5-11A3-4415-AD88-FF116FB0BD92}.Release|x86.ActiveCfg = Release|Win32
		{F22CA5C5-11A3-4415-AD88-FF116FB0BD92}.Release|x86.Build.0 = Release|Win32
	EndGlobalSection
	GlobalSection(SolutionProperties) = preSolution
		HideSolutionNode = FALSE
	EndGlobalSection
	GlobalSection(ExtensibilityGlobals) = postSolution
		SolutionGuid = {AE367DC5-95D0-4E85-A299-94CE063B9957}
	EndGlobalSection
EndGlobal
